
Microsoft Visual Studio Solution File, Format Version 12.00
# Visual Studio Version 17
VisualStudioVersion = 17.5.002.0
MinimumVisualStudioVersion = 10.0.40219.1
Project("{9A19103F-16F7-4668-BE54-9A1E7A4F7556}") = "MenuMate", "MenuMate.csproj", "{9029E8AB-61CD-453D-9209-342CE4D9B4BD}"
EndProject
Global
	GlobalSection(SolutionConfigurationPlatforms) = preSolution
		Debug|Any CPU = Debug|Any CPU
		Release|Any CPU = Release|Any CPU
	EndGlobalSection
	GlobalSection(ProjectConfigurationPlatforms) = postSolution
		{9029E8AB-61CD-453D-9209-342CE4D9B4BD}.Debug|Any CPU.ActiveCfg = Debug|Any CPU
		{9029E8AB-61CD-453D-9209-342CE4D9B4BD}.Debug|Any CPU.Build.0 = Debug|Any CPU
		{9029E8AB-61CD-453D-9209-342CE4D9B4BD}.Release|Any CPU.ActiveCfg = Release|Any CPU
		{9029E8AB-61CD-453D-9209-342CE4D9B4BD}.Release|Any CPU.Build.0 = Release|Any CPU
	EndGlobalSection
	GlobalSection(SolutionProperties) = preSolution
		HideSolutionNode = FALSE
	EndGlobalSection
	GlobalSection(ExtensibilityGlobals) = postSolution
		SolutionGuid = {3BCA0F3D-73DE-4ADA-AFDE-ABEA6E8F16CC}
	EndGlobalSection
EndGlobal
